
Microsoft Visual Studio Solution File, Format Version 12.00
# Visual Studio Version 18
VisualStudioVersion = 18.3.11520.95 d18.3
MinimumVisualStudioVersion = 10.0.40219.1
Project("{FAE04EC0-301F-11D3-BF4B-00C04F79EFBC}") = "Fahrenheit.Mods.CSR", "Fahrenheit.Mods.CSR.csproj", "{A1A9044D-AE4F-3CA4-79B5-33DACA439FA9}"
EndProject
Global
	GlobalSection(SolutionConfigurationPlatforms) = preSolution
		Debug|Any CPU = Debug|Any CPU
		Release|Any CPU = Release|Any CPU
	EndGlobalSection
	GlobalSection(ProjectConfigurationPlatforms) = postSolution
		{A1A9044D-AE4F-3CA4-79B5-33DACA439FA9}.Debug|Any CPU.ActiveCfg = Debug|Any CPU
		{A1A9044D-AE4F-3CA4-79B5-33DACA439FA9}.Debug|Any CPU.Build.0 = Debug|Any CPU
		{A1A9044D-AE4F-3CA4-79B5-33DACA439FA9}.Release|Any CPU.ActiveCfg = Release|Any CPU
		{A1A9044D-AE4F-3CA4-79B5-33DACA439FA9}.Release|Any CPU.Build.0 = Release|Any CPU
	EndGlobalSection
	GlobalSection(SolutionProperties) = preSolution
		HideSolutionNode = FALSE
	EndGlobalSection
	GlobalSection(ExtensibilityGlobals) = postSolution
		SolutionGuid = {9BF091CF-639E-4656-AE96-565F87E16292}
	EndGlobalSection
EndGlobal
